{
    "_meta": {
        "hash": {
            "sha256": "3c4404a63daab01d86944fd7eb115b40f9cc3633dcc15330435de187839f54e6"
        },
        "pipfile-spec": 6,
        "requires": {
            "python_version": "3"
        },
        "sources": [
            {
                "name": "pypi",
                "url": "https://pypi.org/simple",
                "verify_ssl": true
            }
        ]
    },
    "default": {
        "aiohttp": {
            "hashes": [
                "sha256:0593822dcdb9483d41f12041ff7c90d4d1033ec0e880bcfaf102919b715f47f1",
                "sha256:10afd99b8251022ddf81eaed1d90f5a988e349ee7d779eb429fb07b670751e8c",
                "sha256:17e7c051f53a0d2ebf33013a9cbf020bb4e098c4bc5bce6f7b0c962108d97eab",
                "sha256:221204dbda5ef350e8db6287937621cf75e85778b296c9c52260b522231940ed",
                "sha256:2506d9f7a9b91033201be9ffe7d89c6a54150b0578803cce5cb84a943d075bc3",
                "sha256:268ba22d917655d1259af2d5659072b7dc11b4e1dc2cb9662fdd867d75afc6a4",
                "sha256:2bd9d334412961125e9f68d5b73c1d0ab9ea3f74a58a475e6b119f5293eee7ba",
                "sha256:305edae1dea368ce09bcb858cf5a63a064f3bff4767dec6fa60a0cc0e805a1d3",
                "sha256:32dc814ddbb254f6170bca198fe307920f6c1308a5492f049f7f63554b88ef36",
                "sha256:35d78076736f4a668d57ade00c65d30a8ce28719d8a42471b2a06ccd1a2e3063",
                "sha256:3b2feaf1b7031ede1bc0880cec4b0776fd347259a723d625357bb4b82f62687b",
                "sha256:418bb0038dfafeac923823c2e63226179976c76f981a2aaad0ad5d51f2229bca",
                "sha256:419f009fa4cfde4d16a7fc070d64f36d70a8d35a90d71aa27670bba2be4fd039",
                "sha256:47f6eb74e1ecb5e19a78f4a4228aa24df7fbab3b62d4a625d3f41194a08bd54f",
                "sha256:4d79aad0ad4b980663316f26d9a492e8fab2af77c69c0f33780a56843ad2f89e",
                "sha256:4f7e69a7fd4b5ce419238388e55abd220336bd32212c673ceabc57ccf3d05b55",
                "sha256:52b8b4e06fc15519019e128abedaeb56412b106ab88b3c452188ca47a25c4093",
                "sha256:56181093c10dbc6ceb8a29dfeea1e815e1dfdc020169203d87fd8d37616f73f9",
                "sha256:63f41a909d182d2b78fe3abef557fcc14da50c7852f70ae3be60e83ff64edba5",
                "sha256:689eb4356649ec9535b3686200b231876fb4cab4aca54e3bece71d37f50c1d13",
                "sha256:69046cd9a2a17245c4ce3c1f1a4ff8c70c7701ef222fce3d1d8435f09042bba1",
                "sha256:69b97aa5792428f321f72aeb2f118e56893371f27e0b7d05750bcad06fc42ca1",
                "sha256:69ff36d3f8f5652994e08bd22f093e11cfd0444cea310f92e01b45a4e46b624e",
                "sha256:6f121900131d116e4a93b55ab0d12ad72573f967b100e49086e496a9b24523ea",
                "sha256:6ff71ede6d9a5a58cfb7b6fffc83ab5d4a63138276c771ac91ceaaddf5459644",
                "sha256:71a8f241456b6c2668374d5d28398f8e8cdae4cce568aaea54e0f39359cd928d",
                "sha256:74e4e48c8752d14ecfb36d2ebb3d76d614320570e14de0a3aa7a726ff150a03c",
                "sha256:7673a76772bda15d0d10d1aa881b7911d0580c980dbd16e59d7ba1422b2d83cd",
                "sha256:76d32588ef7e4a3f3adff1956a0ba96faabbdee58f2407c122dd45aa6e34f372",
                "sha256:7b39476ee69cfe64061fd77a73bf692c40021f8547cda617a3466530ef63f947",
                "sha256:7be99f4abb008cb38e144f85f515598f4c2c8932bf11b65add0ff59c9c876d99",
                "sha256:7bfdb41dc6e85d8535b00d73947548a748e9534e8e4fddd2638109ff3fb081df",
                "sha256:7d2334e387b2adcc944680bebcf412743f2caf4eeebd550f67249c1c3696be04",
                "sha256:7d29dd5319d20aa3b7749719ac9685fbd926f71ac8c77b2477272725f882072d",
                "sha256:7d4845f8501ab28ebfdbeab980a50a273b415cf69e96e4e674d43d86a464df9d",
                "sha256:824dff4f9f4d0f59d0fa3577932ee9a20e09edec8a2f813e1d6b9f89ced8293f",
                "sha256:84e90494db7df3be5e056f91412f9fa9e611fbe8ce4aaef70647297f5943b276",
                "sha256:8a78dfb198a328bfb38e4308ca8167028920fb747ddcf086ce706fbdd23b2926",
                "sha256:8b73a06bafc8dcc508420db43b4dd5850e41e69de99009d0351c4f3007960019",
                "sha256:916b0417aeddf2c8c61291238ce25286f391a6acb6f28005dd9ce282bd6311b6",
                "sha256:935c369bf8acc2dc26f6eeb5222768aa7c62917c3554f7215f2ead7386b33748",
                "sha256:939393e8c3f0a5bcd33ef7ace67680c318dc2ae406f15e381c0054dd658397de",
                "sha256:9860d455847cd98eb67897f5957b7cd69fbcb436dd3f06099230f16a66e66f79",
                "sha256:9b6787b6d0b3518b2ee4cbeadd24a507756ee703adbac1ab6dc7c4434b8c572a",
                "sha256:9c0b09d76e5a4caac3d27752027fbd43dc987b95f3748fad2b924a03fe8632ad",
                "sha256:a1885d2470955f70dfdd33a02e1749613c5a9c5ab855f6db38e0b9389453dce7",
                "sha256:a3666cf4182efdb44d73602379a66f5fdfd5da0db5e4520f0ac0dcca644a3497",
                "sha256:aba80e77c227f4234aa34a5ff2b6ff30c5d6a827a91d22ff6b999de9175d71bd",
                "sha256:b33f34c9c7decdb2ab99c74be6443942b730b56d9c5ee48fb7df2c86492f293c",
                "sha256:b65b0f8747b013570eea2f75726046fa54fa8e0c5db60f3b98dd5d161052004a",
                "sha256:b71e614c1ae35c3d62a293b19eface83d5e4d194e3eb2fabb10059d33e6e8cbf",
                "sha256:c111b3c69060d2bafc446917534150fd049e7aedd6cbf21ba526a5a97b4402a5",
                "sha256:c3770365675f6be220032f6609a8fbad994d6dcf3ef7dbcf295c7ee70884c9af",
                "sha256:c4870cb049f10d7680c239b55428916d84158798eb8f353e74fa2c98980dcc0b",
                "sha256:c5ff8ff44825736a4065d8544b43b43ee4c6dd1530f3a08e6c0578a813b0aa35",
                "sha256:c78700130ce2dcebb1a8103202ae795be2fa8c9351d0dd22338fe3dac74847d9",
                "sha256:c7a5b676d3c65e88b3aca41816bf72831898fcd73f0cbb2680e9d88e819d1e4d",
                "sha256:c8b04a3dbd54de6ccb7604242fe3ad67f2f3ca558f2d33fe19d4b08d90701a89",
                "sha256:d12a244627eba4e9dc52cbf924edef905ddd6cafc6513849b4876076a6f38b0e",
                "sha256:d1df528a85fb404899d4207a8d9934cfd6be626e30e5d3a5544a83dbae6d8a7e",
                "sha256:d58a54d6ff08d2547656356eea8572b224e6f9bbc0cf55fa9966bcaac4ddfb10",
                "sha256:d6577140cd7db19e430661e4b2653680194ea8c22c994bc65b7a19d8ec834403",
                "sha256:d6a67e26daa686a6fbdb600a9af8619c80a332556245fa8e86c747d226ab1a1e",
                "sha256:dcad56c8d8348e7e468899d2fb3b309b9bc59d94e6db08710555f7436156097f",
                "sha256:e0198ea897680e480845ec0ffc5a14e8b694e25b3f104f63676d55bf76a82f1a",
                "sha256:e27d3b5ed2c2013bce66ad67ee57cbf614288bda8cdf426c8d8fe548316f1b5f",
                "sha256:e40d2cd22914d67c84824045861a5bb0fb46586b15dfe4f046c7495bf08306b2",
                "sha256:e4370dda04dc8951012f30e1ce7956a0a226ac0714a7b6c389fb2f43f22a250e",
                "sha256:e571fdd9efd65e86c6af2f332e0e95dad259bfe6beb5d15b3c3eca3a6eb5d87b",
                "sha256:e78da6b55275987cbc89141a1d8e75f5070e577c482dd48bd9123a76a96f0bbb",
                "sha256:eae569fb1e7559d4f3919965617bb39f9e753967fae55ce13454bec2d1c54f09",
                "sha256:eb30c4510a691bb87081192a394fb661860e75ca3896c01c6d186febe7c88530",
                "sha256:efbdd51872cf170093998c87ccdf3cb5993add3559341a8e5708bcb311934c94",
                "sha256:f3460a92638dce7e47062cf088d6e7663adb135e936cb117be88d5e6c48c9d53",
                "sha256:f595db1bceabd71c82e92df212dd9525a8a2c6947d39e3c994c4f27d2fe15b11",
                "sha256:fb68dc73bc8ac322d2e392a59a9e396c4f35cb6fdbdd749e139d1d6c985f2527"
            ],
            "index": "pypi",
            "markers": "python_version >= '3.8'",
            "version": "==3.9.4"
        },
        "aiosignal": {
            "hashes": [
                "sha256:54cd96e15e1649b75d6c87526a6ff0b6c1b0dd3459f43d9ca11d48c339b68cfc",
                "sha256:f8376fb07dd1e86a584e4fcdec80b36b7f81aac666ebc724e2c090300dd83b17"
            ],
            "markers": "python_version >= '3.7'",
            "version": "==1.3.1"
        },
        "attrs": {
            "hashes": [
                "sha256:935dc3b529c262f6cf76e50877d35a4bd3c1de194fd41f47a2b7ae8f19971f30",
                "sha256:99b87a485a5820b23b879f04c2305b44b951b502fd64be915879d77a7e8fc6f1"
            ],
            "markers": "python_version >= '3.7'",
            "version": "==23.2.0"
        },
        "black": {
            "hashes": [
                "sha256:257d724c2c9b1660f353b36c802ccece186a30accc7742c176d29c146df6e474",
                "sha256:37aae07b029fa0174d39daf02748b379399b909652a806e5708199bd93899da1",
                "sha256:415e686e87dbbe6f4cd5ef0fbf764af7b89f9057b97c908742b6008cc554b9c0",
                "sha256:48a85f2cb5e6799a9ef05347b476cce6c182d6c71ee36925a6c194d074336ef8",
                "sha256:7768a0dbf16a39aa5e9a3ded568bb545c8c2727396d063bbaf847df05b08cd96",
                "sha256:7e122b1c4fb252fd85df3ca93578732b4749d9be076593076ef4d07a0233c3e1",
                "sha256:88c57dc656038f1ab9f92b3eb5335ee9b021412feaa46330d5eba4e51fe49b04",
                "sha256:8e537d281831ad0e71007dcdcbe50a71470b978c453fa41ce77186bbe0ed6021",
                "sha256:98e123f1d5cfd42f886624d84464f7756f60ff6eab89ae845210631714f6db94",
                "sha256:accf49e151c8ed2c0cdc528691838afd217c50412534e876a19270fea1e28e2d",
                "sha256:b1530ae42e9d6d5b670a34db49a94115a64596bc77710b1d05e9801e62ca0a7c",
                "sha256:b9176b9832e84308818a99a561e90aa479e73c523b3f77afd07913380ae2eab7",
                "sha256:bdde6f877a18f24844e381d45e9947a49e97933573ac9d4345399be37621e26c",
                "sha256:be8bef99eb46d5021bf053114442914baeb3649a89dc5f3a555c88737e5e98fc",
                "sha256:bf10f7310db693bb62692609b397e8d67257c55f949abde4c67f9cc574492cc7",
                "sha256:c872b53057f000085da66a19c55d68f6f8ddcac2642392ad3a355878406fbd4d",
                "sha256:d36ed1124bb81b32f8614555b34cc4259c3fbc7eec17870e8ff8ded335b58d8c",
                "sha256:da33a1a5e49c4122ccdfd56cd021ff1ebc4a1ec4e2d01594fef9b6f267a9e741",
                "sha256:dd1b5a14e417189db4c7b64a6540f31730713d173f0b63e55fabd52d61d8fdce",
                "sha256:e151054aa00bad1f4e1f04919542885f89f5f7d086b8a59e5000e6c616896ffb",
                "sha256:eaea3008c281f1038edb473c1aa8ed8143a5535ff18f978a318f10302b254063",
                "sha256:ef703f83fc32e131e9bcc0a5094cfe85599e7109f896fe8bc96cc402f3eb4b6e"
            ],
            "index": "pypi",
            "markers": "python_version >= '3.8'",
            "version": "==24.4.2"
        },
        "click": {
            "hashes": [
                "sha256:ae74fb96c20a0277a1d615f1e4d73c8414f5a98db8b799a7931d1582f3390c28",
                "sha256:ca9853ad459e787e2192211578cc907e7594e294c7ccc834310722b41b9ca6de"
            ],
            "markers": "python_version >= '3.7'",
            "version": "==8.1.7"
        },
        "execnet": {
            "hashes": [
                "sha256:26dee51f1b80cebd6d0ca8e74dd8745419761d3bef34163928cbebbdc4749fdc",
                "sha256:5189b52c6121c24feae288166ab41b32549c7e2348652736540b9e6e7d4e72e3"
            ],
            "markers": "python_version >= '3.8'",
            "version": "==2.1.1"
        },
        "frozenlist": {
            "hashes": [
                "sha256:04ced3e6a46b4cfffe20f9ae482818e34eba9b5fb0ce4056e4cc9b6e212d09b7",
                "sha256:0633c8d5337cb5c77acbccc6357ac49a1770b8c487e5b3505c57b949b4b82e98",
                "sha256:068b63f23b17df8569b7fdca5517edef76171cf3897eb68beb01341131fbd2ad",
                "sha256:0c250a29735d4f15321007fb02865f0e6b6a41a6b88f1f523ca1596ab5f50bd5",
                "sha256:1979bc0aeb89b33b588c51c54ab0161791149f2461ea7c7c946d95d5f93b56ae",
                "sha256:1a4471094e146b6790f61b98616ab8e44f72661879cc63fa1049d13ef711e71e",
                "sha256:1b280e6507ea8a4fa0c0a7150b4e526a8d113989e28eaaef946cc77ffd7efc0a",
                "sha256:1d0ce09d36d53bbbe566fe296965b23b961764c0bcf3ce2fa45f463745c04701",
                "sha256:20b51fa3f588ff2fe658663db52a41a4f7aa6c04f6201449c6c7c476bd255c0d",
                "sha256:23b2d7679b73fe0e5a4560b672a39f98dfc6f60df63823b0a9970525325b95f6",
                "sha256:23b701e65c7b36e4bf15546a89279bd4d8675faabc287d06bbcfac7d3c33e1e6",
                "sha256:2471c201b70d58a0f0c1f91261542a03d9a5e088ed3dc6c160d614c01649c106",
                "sha256:27657df69e8801be6c3638054e202a135c7f299267f1a55ed3a598934f6c0d75",
                "sha256:29acab3f66f0f24674b7dc4736477bcd4bc3ad4b896f5f45379a67bce8b96868",
                "sha256:32453c1de775c889eb4e22f1197fe3bdfe457d16476ea407472b9442e6295f7a",
                "sha256:3a670dc61eb0d0eb7080890c13de3066790f9049b47b0de04007090807c776b0",
                "sha256:3e0153a805a98f5ada7e09826255ba99fb4f7524bb81bf6b47fb702666484ae1",
                "sha256:410478a0c562d1a5bcc2f7ea448359fcb050ed48b3c6f6f4f18c313a9bdb1826",
                "sha256:442acde1e068288a4ba7acfe05f5f343e19fac87bfc96d89eb886b0363e977ec",
                "sha256:48f6a4533887e189dae092f1cf981f2e3885175f7a0f33c91fb5b7b682b6bab6",
                "sha256:4f57dab5fe3407b6c0c1cc907ac98e8a189f9e418f3b6e54d65a718aaafe3950",
                "sha256:4f9c515e7914626b2a2e1e311794b4c35720a0be87af52b79ff8e1429fc25f19",
                "sha256:55fdc093b5a3cb41d420884cdaf37a1e74c3c37a31f46e66286d9145d2063bd0",
                "sha256:5667ed53d68d91920defdf4035d1cdaa3c3121dc0b113255124bcfada1cfa1b8",
                "sha256:590344787a90ae57d62511dd7c736ed56b428f04cd8c161fcc5e7232c130c69a",
                "sha256:5a7d70357e7cee13f470c7883a063aae5fe209a493c57d86eb7f5a6f910fae09",
                "sha256:5c3894db91f5a489fc8fa6a9991820f368f0b3cbdb9cd8849547ccfab3392d86",
                "sha256:5c849d495bf5154cd8da18a9eb15db127d4dba2968d88831aff6f0331ea9bd4c",
                "sha256:64536573d0a2cb6e625cf309984e2d873979709f2cf22839bf2d61790b448ad5",
                "sha256:693945278a31f2086d9bf3df0fe8254bbeaef1fe71e1351c3bd730aa7d31c41b",
                "sha256:6db4667b187a6742b33afbbaf05a7bc551ffcf1ced0000a571aedbb4aa42fc7b",
                "sha256:6eb73fa5426ea69ee0e012fb59cdc76a15b1283d6e32e4f8dc4482ec67d1194d",
                "sha256:722e1124aec435320ae01ee3ac7bec11a5d47f25d0ed6328f2273d287bc3abb0",
                "sha256:7268252af60904bf52c26173cbadc3a071cece75f873705419c8681f24d3edea",
                "sha256:74fb4bee6880b529a0c6560885fce4dc95936920f9f20f53d99a213f7bf66776",
                "sha256:780d3a35680ced9ce682fbcf4cb9c2bad3136eeff760ab33707b71db84664e3a",
                "sha256:82e8211d69a4f4bc360ea22cd6555f8e61a1bd211d1d5d39d3d228b48c83a897",
                "sha256:89aa2c2eeb20957be2d950b85974b30a01a762f3308cd02bb15e1ad632e22dc7",
                "sha256:8aefbba5f69d42246543407ed2461db31006b0f76c4e32dfd6f42215a2c41d09",
                "sha256:96ec70beabbd3b10e8bfe52616a13561e58fe84c0101dd031dc78f250d5128b9",
                "sha256:9750cc7fe1ae3b1611bb8cfc3f9ec11d532244235d75901fb6b8e42ce9229dfe",
                "sha256:9acbb16f06fe7f52f441bb6f413ebae6c37baa6ef9edd49cdd567216da8600cd",
                "sha256:9d3e0c25a2350080e9319724dede4f31f43a6c9779be48021a7f4ebde8b2d742",
                "sha256:a06339f38e9ed3a64e4c4e43aec7f59084033647f908e4259d279a52d3757d09",
                "sha256:a0cb6f11204443f27a1628b0e460f37fb30f624be6051d490fa7d7e26d4af3d0",
                "sha256:a7496bfe1da7fb1a4e1cc23bb67c58fab69311cc7d32b5a99c2007b4b2a0e932",
                "sha256:a828c57f00f729620a442881cc60e57cfcec6842ba38e1b19fd3e47ac0ff8dc1",
                "sha256:a9b2de4cf0cdd5bd2dee4c4f63a653c61d2408055ab77b151c1957f221cabf2a",
                "sha256:b46c8ae3a8f1f41a0d2ef350c0b6e65822d80772fe46b653ab6b6274f61d4a49",
                "sha256:b7e3ed87d4138356775346e6845cccbe66cd9e207f3cd11d2f0b9fd13681359d",
                "sha256:b7f2f9f912dca3934c1baec2e4585a674ef16fe00218d833856408c48d5beee7",
                "sha256:ba60bb19387e13597fb059f32cd4d59445d7b18b69a745b8f8e5db0346f33480",
                "sha256:beee944ae828747fd7cb216a70f120767fc9f4f00bacae8543c14a6831673f89",
                "sha256:bfa4a17e17ce9abf47a74ae02f32d014c5e9404b6d9ac7f729e01562bbee601e",
                "sha256:c037a86e8513059a2613aaba4d817bb90b9d9b6b69aace3ce9c877e8c8ed402b",
                "sha256:c302220494f5c1ebeb0912ea782bcd5e2f8308037b3c7553fad0e48ebad6ad82",
                "sha256:c6321c9efe29975232da3bd0af0ad216800a47e93d763ce64f291917a381b8eb",
                "sha256:c757a9dd70d72b076d6f68efdbb9bc943665ae954dad2801b874c8c69e185068",
                "sha256:c99169d4ff810155ca50b4da3b075cbde79752443117d89429595c2e8e37fed8",
                "sha256:c9c92be9fd329ac801cc420e08452b70e7aeab94ea4233a4804f0915c14eba9b",
                "sha256:cc7b01b3754ea68a62bd77ce6020afaffb44a590c2289089289363472d13aedb",
                "sha256:db9e724bebd621d9beca794f2a4ff1d26eed5965b004a97f1f1685a173b869c2",
                "sha256:dca69045298ce5c11fd539682cff879cc1e664c245d1c64da929813e54241d11",
                "sha256:dd9b1baec094d91bf36ec729445f7769d0d0cf6b64d04d86e45baf89e2b9059b",
                "sha256:e02a0e11cf6597299b9f3bbd3f93d79217cb90cfd1411aec33848b13f5c656cc",
                "sha256:e6a20a581f9ce92d389a8c7d7c3dd47c81fd5d6e655c8dddf341e14aa48659d0",
                "sha256:e7004be74cbb7d9f34553a5ce5fb08be14fb33bc86f332fb71cbe5216362a497",
                "sha256:e774d53b1a477a67838a904131c4b0eef6b3d8a651f8b138b04f748fccfefe17",
                "sha256:edb678da49d9f72c9f6c609fbe41a5dfb9a9282f9e6a2253d5a91e0fc382d7c0",
                "sha256:f146e0911cb2f1da549fc58fc7bcd2b836a44b79ef871980d605ec392ff6b0d2",
                "sha256:f56e2333dda1fe0f909e7cc59f021eba0d2307bc6f012a1ccf2beca6ba362439",
                "sha256:f9a3ea26252bd92f570600098783d1371354d89d5f6b7dfd87359d669f2109b5",
                "sha256:f9aa1878d1083b276b0196f2dfbe00c9b7e752475ed3b682025ff20c1c1f51ac",
                "sha256:fb3c2db03683b5767dedb5769b8a40ebb47d6f7f45b1b3e3b4b51ec8ad9d9825",
                "sha256:fbeb989b5cc29e8daf7f976b421c220f1b8c731cbf22b9130d8815418ea45887",
                "sha256:fde5bd59ab5357e3853313127f4d3565fc7dad314a74d7b5d43c22c6a5ed2ced",
                "sha256:fe1a06da377e3a1062ae5fe0926e12b84eceb8a50b350ddca72dc85015873f74"
            ],
            "markers": "python_version >= '3.8'",
            "version": "==1.4.1"
        },
        "idna": {
            "hashes": [
                "sha256:028ff3aadf0609c1fd278d8ea3089299412a7a8b9bd005dd08b9f8285bcb5cfc",
                "sha256:82fee1fc78add43492d3a1898bfa6d8a904cc97d8427f683ed8e798d07761aa0"
            ],
            "markers": "python_version >= '3.5'",
            "version": "==3.7"
        },
        "iniconfig": {
            "hashes": [
                "sha256:2d91e135bf72d31a410b17c16da610a82cb55f6b0477d1a902134b24a455b8b3",
                "sha256:b6a85871a79d2e3b22d2d1b94ac2824226a63c6b741c88f7ae975f18b6778374"
            ],
            "markers": "python_version >= '3.7'",
            "version": "==2.0.0"
        },
        "multidict": {
            "hashes": [
                "sha256:01265f5e40f5a17f8241d52656ed27192be03bfa8764d88e8220141d1e4b3556",
                "sha256:0275e35209c27a3f7951e1ce7aaf93ce0d163b28948444bec61dd7badc6d3f8c",
                "sha256:04bde7a7b3de05732a4eb39c94574db1ec99abb56162d6c520ad26f83267de29",
                "sha256:04da1bb8c8dbadf2a18a452639771951c662c5ad03aefe4884775454be322c9b",
                "sha256:09a892e4a9fb47331da06948690ae38eaa2426de97b4ccbfafbdcbe5c8f37ff8",
                "sha256:0d63c74e3d7ab26de115c49bffc92cc77ed23395303d496eae515d4204a625e7",
                "sha256:107c0cdefe028703fb5dafe640a409cb146d44a6ae201e55b35a4af8e95457dd",
                "sha256:141b43360bfd3bdd75f15ed811850763555a251e38b2405967f8e25fb43f7d40",
                "sha256:14c2976aa9038c2629efa2c148022ed5eb4cb939e15ec7aace7ca932f48f9ba6",
                "sha256:19fe01cea168585ba0f678cad6f58133db2aa14eccaf22f88e4a6dccadfad8b3",
                "sha256:1d147090048129ce3c453f0292e7697d333db95e52616b3793922945804a433c",
                "sha256:1d9ea7a7e779d7a3561aade7d596649fbecfa5c08a7674b11b423783217933f9",
                "sha256:215ed703caf15f578dca76ee6f6b21b7603791ae090fbf1ef9d865571039ade5",
                "sha256:21fd81c4ebdb4f214161be351eb5bcf385426bf023041da2fd9e60681f3cebae",
                "sha256:220dd781e3f7af2c2c1053da9fa96d9cf3072ca58f057f4c5adaaa1cab8fc442",
                "sha256:228b644ae063c10e7f324ab1ab6b548bdf6f8b47f3ec234fef1093bc2735e5f9",
                "sha256:29bfeb0dff5cb5fdab2023a7a9947b3b4af63e9c47cae2a10ad58394b517fddc",
                "sha256:2f4848aa3baa109e6ab81fe2006c77ed4d3cd1e0ac2c1fbddb7b1277c168788c",
                "sha256:2faa5ae9376faba05f630d7e5e6be05be22913782b927b19d12b8145968a85ea",
                "sha256:2ffc42c922dbfddb4a4c3b438eb056828719f07608af27d163191cb3e3aa6cc5",
                "sha256:37b15024f864916b4951adb95d3a80c9431299080341ab9544ed148091b53f50",
                "sha256:3cc2ad10255f903656017363cd59436f2111443a76f996584d1077e43ee51182",
                "sha256:3d25f19500588cbc47dc19081d78131c32637c25804df8414463ec908631e453",
                "sha256:403c0911cd5d5791605808b942c88a8155c2592e05332d2bf78f18697a5fa15e",
                "sha256:411bf8515f3be9813d06004cac41ccf7d1cd46dfe233705933dd163b60e37600",
                "sha256:425bf820055005bfc8aa9a0b99ccb52cc2f4070153e34b701acc98d201693733",
                "sha256:435a0984199d81ca178b9ae2c26ec3d49692d20ee29bc4c11a2a8d4514c67eda",
                "sha256:4a6a4f196f08c58c59e0b8ef8ec441d12aee4125a7d4f4fef000ccb22f8d7241",
                "sha256:4cc0ef8b962ac7a5e62b9e826bd0cd5040e7d401bc45a6835910ed699037a461",
                "sha256:51d035609b86722963404f711db441cf7134f1889107fb171a970c9701f92e1e",
                "sha256:53689bb4e102200a4fafa9de9c7c3c212ab40a7ab2c8e474491914d2305f187e",
                "sha256:55205d03e8a598cfc688c71ca8ea5f66447164efff8869517f175ea632c7cb7b",
                "sha256:5c0631926c4f58e9a5ccce555ad7747d9a9f8b10619621f22f9635f069f6233e",
                "sha256:5cb241881eefd96b46f89b1a056187ea8e9ba14ab88ba632e68d7a2ecb7aadf7",
                "sha256:60d698e8179a42ec85172d12f50b1668254628425a6bd611aba022257cac1386",
                "sha256:612d1156111ae11d14afaf3a0669ebf6c170dbb735e510a7438ffe2369a847fd",
                "sha256:6214c5a5571802c33f80e6c84713b2c79e024995b9c5897f794b43e714daeec9",
                "sha256:6939c95381e003f54cd4c5516740faba40cf5ad3eeff460c3ad1d3e0ea2549bf",
                "sha256:69db76c09796b313331bb7048229e3bee7928eb62bab5e071e9f7fcc4879caee",
                "sha256:6bf7a982604375a8d49b6cc1b781c1747f243d91b81035a9b43a2126c04766f5",
                "sha256:766c8f7511df26d9f11cd3a8be623e59cca73d44643abab3f8c8c07620524e4a",
                "sha256:76c0de87358b192de7ea9649beb392f107dcad9ad27276324c24c91774ca5271",
                "sha256:76f067f5121dcecf0d63a67f29080b26c43c71a98b10c701b0677e4a065fbd54",
                "sha256:7901c05ead4b3fb75113fb1dd33eb1253c6d3ee37ce93305acd9d38e0b5f21a4",
                "sha256:79660376075cfd4b2c80f295528aa6beb2058fd289f4c9252f986751a4cd0496",
                "sha256:79a6d2ba910adb2cbafc95dad936f8b9386e77c84c35bc0add315b856d7c3abb",
                "sha256:7afcdd1fc07befad18ec4523a782cde4e93e0a2bf71239894b8d61ee578c1319",
                "sha256:7be7047bd08accdb7487737631d25735c9a04327911de89ff1b26b81745bd4e3",
                "sha256:7c6390cf87ff6234643428991b7359b5f59cc15155695deb4eda5c777d2b880f",
                "sha256:7df704ca8cf4a073334e0427ae2345323613e4df18cc224f647f251e5e75a527",
                "sha256:85f67aed7bb647f93e7520633d8f51d3cbc6ab96957c71272b286b2f30dc70ed",
                "sha256:896ebdcf62683551312c30e20614305f53125750803b614e9e6ce74a96232604",
                "sha256:92d16a3e275e38293623ebf639c471d3e03bb20b8ebb845237e0d3664914caef",
                "sha256:99f60d34c048c5c2fabc766108c103612344c46e35d4ed9ae0673d33c8fb26e8",
                "sha256:9fe7b0653ba3d9d65cbe7698cca585bf0f8c83dbbcc710db9c90f478e175f2d5",
                "sha256:a3145cb08d8625b2d3fee1b2d596a8766352979c9bffe5d7833e0503d0f0b5e5",
                "sha256:aeaf541ddbad8311a87dd695ed9642401131ea39ad7bc8cf3ef3967fd093b626",
                "sha256:b55358304d7a73d7bdf5de62494aaf70bd33015831ffd98bc498b433dfe5b10c",
                "sha256:b82cc8ace10ab5bd93235dfaab2021c70637005e1ac787031f4d1da63d493c1d",
                "sha256:c0868d64af83169e4d4152ec612637a543f7a336e4a307b119e98042e852ad9c",
                "sha256:c1c1496e73051918fcd4f58ff2e0f2f3066d1c76a0c6aeffd9b45d53243702cc",
                "sha256:c9bf56195c6bbd293340ea82eafd0071cb3d450c703d2c93afb89f93b8386ccc",
                "sha256:cbebcd5bcaf1eaf302617c114aa67569dd3f090dd0ce8ba9e35e9985b41ac35b",
                "sha256:cd6c8fca38178e12c00418de737aef1261576bd1b6e8c6134d3e729a4e858b38",
                "sha256:ceb3b7e6a0135e092de86110c5a74e46bda4bd4fbfeeb3a3bcec79c0f861e450",
                "sha256:cf590b134eb70629e350691ecca88eac3e3b8b3c86992042fb82e3cb1830d5e1",
                "sha256:d3eb1ceec286eba8220c26f3b0096cf189aea7057b6e7b7a2e60ed36b373b77f",
                "sha256:d65f25da8e248202bd47445cec78e0025c0fe7582b23ec69c3b27a640dd7a8e3",
                "sha256:d6f6d4f185481c9669b9447bf9d9cf3b95a0e9df9d169bbc17e363b7d5487755",
                "sha256:d84a5c3a5f7ce6db1f999fb9438f686bc2e09d38143f2d93d8406ed2dd6b9226",
                "sha256:d946b0a9eb8aaa590df1fe082cee553ceab173e6cb5b03239716338629c50c7a",
                "sha256:dce1c6912ab9ff5f179eaf6efe7365c1f425ed690b03341911bf4939ef2f3046",
                "sha256:de170c7b4fe6859beb8926e84f7d7d6c693dfe8e27372ce3b76f01c46e489fcf",
                "sha256:e02021f87a5b6932fa6ce916ca004c4d441509d33bbdbeca70d05dff5e9d2479",
                "sha256:e030047e85cbcedbfc073f71836d62dd5dadfbe7531cae27789ff66bc551bd5e",
                "sha256:e0e79d91e71b9867c73323a3444724d496c037e578a0e1755ae159ba14f4f3d1",
                "sha256:e4428b29611e989719874670fd152b6625500ad6c686d464e99f5aaeeaca175a",
                "sha256:e4972624066095e52b569e02b5ca97dbd7a7ddd4294bf4e7247d52635630dd83",
                "sha256:e7be68734bd8c9a513f2b0cfd508802d6609da068f40dc57d4e3494cefc92929",
                "sha256:e8e94e6912639a02ce173341ff62cc1201232ab86b8a8fcc05572741a5dc7d93",
                "sha256:ea1456df2a27c73ce51120fa2f519f1bea2f4a03a917f4a43c8707cf4cbbae1a",
                "sha256:ebd8d160f91a764652d3e51ce0d2956b38efe37c9231cd82cfc0bed2e40b581c",
                "sha256:eca2e9d0cc5a889850e9bbd68e98314ada174ff6ccd1129500103df7a94a7a44",
                "sha256:edd08e6f2f1a390bf137080507e44ccc086353c8e98c657e666c017718561b89",
                "sha256:f285e862d2f153a70586579c15c44656f888806ed0e5b56b64489afe4a2dbfba",
                "sha256:f2a1dee728b52b33eebff5072817176c172050d44d67befd681609b4746e1c2e",
                "sha256:f7e301075edaf50500f0b341543c41194d8df3ae5caf4702f2095f3ca73dd8da",
                "sha256:fb616be3538599e797a2017cccca78e354c767165e8858ab5116813146041a24",
                "sha256:fce28b3c8a81b6b36dfac9feb1de115bab619b3c13905b419ec71d03a3fc1423",
                "sha256:fe5d7785250541f7f5019ab9cba2c71169dc7d74d0f45253f8313f436458a4ef"
            ],
            "markers": "python_version >= '3.7'",
            "version": "==6.0.5"
        },
        "mypy-extensions": {
            "hashes": [
                "sha256:4392f6c0eb8a5668a69e23d168ffa70f0be9ccfd32b5cc2d26a34ae5b844552d",
                "sha256:75dbf8955dc00442a438fc4d0666508a9a97b6bd41aa2f0ffe9d2f2725af0782"
            ],
            "markers": "python_version >= '3.5'",
            "version": "==1.0.0"
        },
        "packaging": {
            "hashes": [
                "sha256:2ddfb553fdf02fb784c234c7ba6ccc288296ceabec964ad2eae3777778130bc5",
                "sha256:eb82c5e3e56209074766e6885bb04b8c38a0c015d0a30036ebe7ece34c9989e9"
            ],
            "markers": "python_version >= '3.7'",
            "version": "==24.0"
        },
        "pathspec": {
            "hashes": [
                "sha256:a0d503e138a4c123b27490a4f7beda6a01c6f288df0e4a8b79c7eb0dc7b4cc08",
                "sha256:a482d51503a1ab33b1c67a6c3813a26953dbdc71c31dacaef9a838c4e29f5712"
            ],
            "markers": "python_version >= '3.8'",
            "version": "==0.12.1"
        },
        "platformdirs": {
            "hashes": [
                "sha256:031cd18d4ec63ec53e82dceaac0417d218a6863f7745dfcc9efe7793b7039bdf",
                "sha256:17d5a1161b3fd67b390023cb2d3b026bbd40abde6fdb052dfbd3a29c3ba22ee1"
            ],
            "markers": "python_version >= '3.8'",
            "version": "==4.2.1"
        },
        "pluggy": {
            "hashes": [
                "sha256:2cffa88e94fdc978c4c574f15f9e59b7f4201d439195c3715ca9e2486f1d0cf1",
                "sha256:44e1ad92c8ca002de6377e165f3e0f1be63266ab4d554740532335b9d75ea669"
            ],
            "markers": "python_version >= '3.8'",
            "version": "==1.5.0"
        },
        "py": {
            "hashes": [
                "sha256:51c75c4126074b472f746a24399ad32f6053d1b34b68d2fa41e558e6f4a98719",
                "sha256:607c53218732647dff4acdfcd50cb62615cedf612e72d1724fb1a0cc6405b378"
            ],
            "markers": "python_version >= '2.7' and python_version not in '3.0, 3.1, 3.2, 3.3, 3.4'",
            "version": "==1.11.0"
        },
        "pytest": {
            "hashes": [
                "sha256:5046e5b46d8e4cac199c373041f26be56fdb81eb4e67dc11d4e10811fc3408fd",
                "sha256:faccc5d332b8c3719f40283d0d44aa5cf101cec36f88cde9ed8f2bc0538612b1"
            ],
            "index": "pypi",
            "markers": "python_version >= '3.8'",
            "version": "==8.2.1"
        },
        "pytest-forked": {
            "hashes": [
                "sha256:4dafd46a9a600f65d822b8f605133ecf5b3e1941ebb3588e943b4e3eb71a5a3f",
                "sha256:810958f66a91afb1a1e2ae83089d8dc1cd2437ac96b12963042fbb9fb4d16af0"
            ],
            "markers": "python_version >= '3.7'",
            "version": "==1.6.0"
        },
        "pytest-testinfra": {
            "hashes": [
                "sha256:a876f1453a01b58d94d9d936dd50344c2c01ac7880a2b41d15bdf233aed9cf1f",
                "sha256:b990dc7d77b49a1bba24818fbff49b6171d8c46d606fb5ca86b937de690d7062"
            ],
            "index": "pypi",
            "markers": "python_version >= '3.9'",
            "version": "==10.1.1"
        },
        "pytest-xdist": {
            "hashes": [
                "sha256:9ed4adfb68a016610848639bb7e02c9352d5d9f03d04809919e2dafc3be4cca7",
                "sha256:ead156a4db231eec769737f57668ef58a2084a34b2e55c4a8fa20d861107300d"
            ],
            "index": "pypi",
            "markers": "python_version >= '3.8'",
            "version": "==3.6.1"
        },
        "yarl": {
            "hashes": [
                "sha256:008d3e808d03ef28542372d01057fd09168419cdc8f848efe2804f894ae03e51",
                "sha256:03caa9507d3d3c83bca08650678e25364e1843b484f19986a527630ca376ecce",
                "sha256:07574b007ee20e5c375a8fe4a0789fad26db905f9813be0f9fef5a68080de559",
                "sha256:09efe4615ada057ba2d30df871d2f668af661e971dfeedf0c159927d48bbeff0",
                "sha256:0d2454f0aef65ea81037759be5ca9947539667eecebca092733b2eb43c965a81",
                "sha256:0e9d124c191d5b881060a9e5060627694c3bdd1fe24c5eecc8d5d7d0eb6faabc",
                "sha256:18580f672e44ce1238b82f7fb87d727c4a131f3a9d33a5e0e82b793362bf18b4",
                "sha256:1f23e4fe1e8794f74b6027d7cf19dc25f8b63af1483d91d595d4a07eca1fb26c",
                "sha256:206a55215e6d05dbc6c98ce598a59e6fbd0c493e2de4ea6cc2f4934d5a18d130",
                "sha256:23d32a2594cb5d565d358a92e151315d1b2268bc10f4610d098f96b147370136",
                "sha256:26a1dc6285e03f3cc9e839a2da83bcbf31dcb0d004c72d0730e755b33466c30e",
                "sha256:29e0f83f37610f173eb7e7b5562dd71467993495e568e708d99e9d1944f561ec",
                "sha256:2b134fd795e2322b7684155b7855cc99409d10b2e408056db2b93b51a52accc7",
                "sha256:2d47552b6e52c3319fede1b60b3de120fe83bde9b7bddad11a69fb0af7db32f1",
                "sha256:357495293086c5b6d34ca9616a43d329317feab7917518bc97a08f9e55648455",
                "sha256:35a2b9396879ce32754bd457d31a51ff0a9d426fd9e0e3c33394bf4b9036b099",
                "sha256:3777ce5536d17989c91696db1d459574e9a9bd37660ea7ee4d3344579bb6f129",
                "sha256:3986b6f41ad22988e53d5778f91855dc0399b043fc8946d4f2e68af22ee9ff10",
                "sha256:44d8ffbb9c06e5a7f529f38f53eda23e50d1ed33c6c869e01481d3fafa6b8142",
                "sha256:49a180c2e0743d5d6e0b4d1a9e5f633c62eca3f8a86ba5dd3c471060e352ca98",
                "sha256:4aa9741085f635934f3a2583e16fcf62ba835719a8b2b28fb2917bb0537c1dfa",
                "sha256:4b21516d181cd77ebd06ce160ef8cc2a5e9ad35fb1c5930882baff5ac865eee7",
                "sha256:4b3c1ffe10069f655ea2d731808e76e0f452fc6c749bea04781daf18e6039525",
                "sha256:4c7d56b293cc071e82532f70adcbd8b61909eec973ae9d2d1f9b233f3d943f2c",
                "sha256:4e9035df8d0880b2f1c7f5031f33f69e071dfe72ee9310cfc76f7b605958ceb9",
                "sha256:54525ae423d7b7a8ee81ba189f131054defdb122cde31ff17477951464c1691c",
                "sha256:549d19c84c55d11687ddbd47eeb348a89df9cb30e1993f1b128f4685cd0ebbf8",
                "sha256:54beabb809ffcacbd9d28ac57b0db46e42a6e341a030293fb3185c409e626b8b",
                "sha256:566db86717cf8080b99b58b083b773a908ae40f06681e87e589a976faf8246bf",
                "sha256:5a2e2433eb9344a163aced6a5f6c9222c0786e5a9e9cac2c89f0b28433f56e23",
                "sha256:5aef935237d60a51a62b86249839b51345f47564208c6ee615ed2a40878dccdd",
                "sha256:604f31d97fa493083ea21bd9b92c419012531c4e17ea6da0f65cacdcf5d0bd27",
                "sha256:63b20738b5aac74e239622d2fe30df4fca4942a86e31bf47a81a0e94c14df94f",
                "sha256:686a0c2f85f83463272ddffd4deb5e591c98aac1897d65e92319f729c320eece",
                "sha256:6a962e04b8f91f8c4e5917e518d17958e3bdee71fd1d8b88cdce74dd0ebbf434",
                "sha256:6ad6d10ed9b67a382b45f29ea028f92d25bc0bc1daf6c5b801b90b5aa70fb9ec",
                "sha256:6f5cb257bc2ec58f437da2b37a8cd48f666db96d47b8a3115c29f316313654ff",
                "sha256:6fe79f998a4052d79e1c30eeb7d6c1c1056ad33300f682465e1b4e9b5a188b78",
                "sha256:7855426dfbddac81896b6e533ebefc0af2f132d4a47340cee6d22cac7190022d",
                "sha256:7d5aaac37d19b2904bb9dfe12cdb08c8443e7ba7d2852894ad448d4b8f442863",
                "sha256:801e9264d19643548651b9db361ce3287176671fb0117f96b5ac0ee1c3530d53",
                "sha256:81eb57278deb6098a5b62e88ad8281b2ba09f2f1147c4767522353eaa6260b31",
                "sha256:824d6c50492add5da9374875ce72db7a0733b29c2394890aef23d533106e2b15",
                "sha256:8397a3817d7dcdd14bb266283cd1d6fc7264a48c186b986f32e86d86d35fbac5",
                "sha256:848cd2a1df56ddbffeb375535fb62c9d1645dde33ca4d51341378b3f5954429b",
                "sha256:84fc30f71689d7fc9168b92788abc977dc8cefa806909565fc2951d02f6b7d57",
                "sha256:8619d6915b3b0b34420cf9b2bb6d81ef59d984cb0fde7544e9ece32b4b3043c3",
                "sha256:8a854227cf581330ffa2c4824d96e52ee621dd571078a252c25e3a3b3d94a1b1",
                "sha256:8be9e837ea9113676e5754b43b940b50cce76d9ed7d2461df1af39a8ee674d9f",
                "sha256:928cecb0ef9d5a7946eb6ff58417ad2fe9375762382f1bf5c55e61645f2c43ad",
                "sha256:957b4774373cf6f709359e5c8c4a0af9f6d7875db657adb0feaf8d6cb3c3964c",
                "sha256:992f18e0ea248ee03b5a6e8b3b4738850ae7dbb172cc41c966462801cbf62cf7",
                "sha256:9fc5fc1eeb029757349ad26bbc5880557389a03fa6ada41703db5e068881e5f2",
                "sha256:a00862fb23195b6b8322f7d781b0dc1d82cb3bcac346d1e38689370cc1cc398b",
                "sha256:a3a6ed1d525bfb91b3fc9b690c5a21bb52de28c018530ad85093cc488bee2dd2",
                "sha256:a6327976c7c2f4ee6816eff196e25385ccc02cb81427952414a64811037bbc8b",
                "sha256:a7409f968456111140c1c95301cadf071bd30a81cbd7ab829169fb9e3d72eae9",
                "sha256:a825ec844298c791fd28ed14ed1bffc56a98d15b8c58a20e0e08c1f5f2bea1be",
                "sha256:a8c1df72eb746f4136fe9a2e72b0c9dc1da1cbd23b5372f94b5820ff8ae30e0e",
                "sha256:a9bd00dc3bc395a662900f33f74feb3e757429e545d831eef5bb280252631984",
                "sha256:aa102d6d280a5455ad6a0f9e6d769989638718e938a6a0a2ff3f4a7ff8c62cc4",
                "sha256:aaaea1e536f98754a6e5c56091baa1b6ce2f2700cc4a00b0d49eca8dea471074",
                "sha256:ad4d7a90a92e528aadf4965d685c17dacff3df282db1121136c382dc0b6014d2",
                "sha256:b8477c1ee4bd47c57d49621a062121c3023609f7a13b8a46953eb6c9716ca392",
                "sha256:ba6f52cbc7809cd8d74604cce9c14868306ae4aa0282016b641c661f981a6e91",
                "sha256:bac8d525a8dbc2a1507ec731d2867025d11ceadcb4dd421423a5d42c56818541",
                "sha256:bef596fdaa8f26e3d66af846bbe77057237cb6e8efff8cd7cc8dff9a62278bbf",
                "sha256:c0ec0ed476f77db9fb29bca17f0a8fcc7bc97ad4c6c1d8959c507decb22e8572",
                "sha256:c38c9ddb6103ceae4e4498f9c08fac9b590c5c71b0370f98714768e22ac6fa66",
                "sha256:c7224cab95645c7ab53791022ae77a4509472613e839dab722a72abe5a684575",
                "sha256:c74018551e31269d56fab81a728f683667e7c28c04e807ba08f8c9e3bba32f14",
                "sha256:ca06675212f94e7a610e85ca36948bb8fc023e458dd6c63ef71abfd482481aa5",
                "sha256:d1d2532b340b692880261c15aee4dc94dd22ca5d61b9db9a8a361953d36410b1",
                "sha256:d25039a474c4c72a5ad4b52495056f843a7ff07b632c1b92ea9043a3d9950f6e",
                "sha256:d5ff2c858f5f6a42c2a8e751100f237c5e869cbde669a724f2062d4c4ef93551",
                "sha256:d7d7f7de27b8944f1fee2c26a88b4dabc2409d2fea7a9ed3df79b67277644e17",
                "sha256:d7eeb6d22331e2fd42fce928a81c697c9ee2d51400bd1a28803965883e13cead",
                "sha256:d8a1c6c0be645c745a081c192e747c5de06e944a0d21245f4cf7c05e457c36e0",
                "sha256:d8b889777de69897406c9fb0b76cdf2fd0f31267861ae7501d93003d55f54fbe",
                "sha256:d9e09c9d74f4566e905a0b8fa668c58109f7624db96a2171f21747abc7524234",
                "sha256:db8e58b9d79200c76956cefd14d5c90af54416ff5353c5bfd7cbe58818e26ef0",
                "sha256:ddb2a5c08a4eaaba605340fdee8fc08e406c56617566d9643ad8bf6852778fc7",
                "sha256:e0381b4ce23ff92f8170080c97678040fc5b08da85e9e292292aba67fdac6c34",
                "sha256:e23a6d84d9d1738dbc6e38167776107e63307dfc8ad108e580548d1f2c587f42",
                "sha256:e516dc8baf7b380e6c1c26792610230f37147bb754d6426462ab115a02944385",
                "sha256:ea65804b5dc88dacd4a40279af0cdadcfe74b3e5b4c897aa0d81cf86927fee78",
                "sha256:ec61d826d80fc293ed46c9dd26995921e3a82146feacd952ef0757236fc137be",
                "sha256:ee04010f26d5102399bd17f8df8bc38dc7ccd7701dc77f4a68c5b8d733406958",
                "sha256:f3bc6af6e2b8f92eced34ef6a96ffb248e863af20ef4fde9448cc8c9b858b749",
                "sha256:f7d6b36dd2e029b6bcb8a13cf19664c7b8e19ab3a58e0fefbb5b8461447ed5ec"
            ],
            "markers": "python_version >= '3.7'",
            "version": "==1.9.4"
        }
    },
    "develop": {}
}
